{
  "originHash" : "281e989f3157d1b58f9309746d451338cd137a0e5149281e60d040189a639603",
  "pins" : [
    {
      "identity" : "easybar-kit",
      "kind" : "remoteSourceControl",
      "location" : "https://github.com/easybar-app/easybar-kit",
      "state" : {
        "revision" : "41bf8dc9a104b43475c507216e74314f04a0e2c8",
        "version" : "0.53.2"
      }
    },
    {
      "identity" : "swifttomledit",
      "kind" : "remoteSourceControl",
      "location" : "https://github.com/gi8lino/SwiftTOMLEdit.git",
      "state" : {
        "revision" : "c9c26d61372ba3825a591ff26d4118396b347486",
        "version" : "0.0.5"
      }
    }
  ],
  "version" : 3
}
