{
  "originHash" : "2959acc9191c0ed3b3ae836448f625d80c6e37c38a2ce6b16e06bc961a762431",
  "pins" : [
    {
      "identity" : "easybar-kit",
      "kind" : "remoteSourceControl",
      "location" : "https://github.com/easybar-app/easybar-kit",
      "state" : {
        "revision" : "4b51c258150b1685443d97fe954d99c3eb9ac4d3",
        "version" : "0.2.3"
      }
    },
    {
      "identity" : "swifttomledit",
      "kind" : "remoteSourceControl",
      "location" : "https://github.com/gi8lino/SwiftTOMLEdit.git",
      "state" : {
        "revision" : "c9c26d61372ba3825a591ff26d4118396b347486",
        "version" : "0.0.5"
      }
    }
  ],
  "version" : 3
}
